<?xml version="1.0" encoding="utf-8"?>
<Project ToolsVersion="4.0" xmlns="http://schemas.microsoft.com/developer/msbuild/2003">
  <ItemGroup>
    <Filter Include="原始程式檔">
      <UniqueIdentifier>{4FC737F1-C7A5-4376-A066-2A32D752A2FF}</UniqueIdentifier>
      <Extensions>cpp;c;cc;cxx;def;odl;idl;hpj;bat;asm;asmx</Extensions>
    </Filter>
    <Filter Include="標頭檔">
      <UniqueIdentifier>{93995380-89BD-4b04-88EB-625FBE52EBFB}</UniqueIdentifier>
      <Extensions>h;hh;hpp;hxx;hm;inl;inc;xsd</Extensions>
    </Filter>
    <Filter Include="資源檔">
      <UniqueIdentifier>{67DA6AB6-F800-4c08-8B7A-83BB121AAD01}</UniqueIdentifier>
      <Extensions>rc;ico;cur;bmp;dlg;rc2;rct;bin;rgs;gif;jpg;jpeg;jpe;resx;tiff;tif;png;wav;mfcribbon-ms</Extensions>
    </Filter>
  </ItemGroup>
  <ItemGroup>
    <ClCompile Include="main.cpp">
      <Filter>原始程式檔</Filter>
    </ClCompile>
    <ClCompile Include="FileUtil.cpp">
      <Filter>原始程式檔</Filter>
    </ClCompile>
    <ClCompile Include="DataPage.cpp">
      <Filter>原始程式檔</Filter>
    </ClCompile>
    <ClCompile Include="RecordFile.cpp">
      <Filter>原始程式檔</Filter>
    </ClCompile>
    <ClCompile Include="Record.cpp">
      <Filter>原始程式檔</Filter>
    </ClCompile>
    <ClCompile Include="PageFreeMapFile.cpp">
      <Filter>原始程式檔</Filter>
    </ClCompile>
    <ClCompile Include="Bit.cpp">
      <Filter>原始程式檔</Filter>
    </ClCompile>
    <ClCompile Include="DiskFile.cpp">
      <Filter>原始程式檔</Filter>
    </ClCompile>
    <ClCompile Include="RecordTable.cpp">
      <Filter>原始程式檔</Filter>
    </ClCompile>
    <ClCompile Include="TableFile.cpp">
      <Filter>原始程式檔</Filter>
    </ClCompile>
    <ClCompile Include="View.cpp">
      <Filter>原始程式檔</Filter>
    </ClCompile>
    <ClCompile Include="Condition.cpp">
      <Filter>原始程式檔</Filter>
    </ClCompile>
    <ClCompile Include="Database.cpp">
      <Filter>原始程式檔</Filter>
    </ClCompile>
    <ClCompile Include="DatabaseFile.cpp">
      <Filter>原始程式檔</Filter>
    </ClCompile>
    <ClCompile Include="system.cpp">
      <Filter>原始程式檔</Filter>
    </ClCompile>
    <ClCompile Include="..\..\sqlparser-master\Project1\Project1\SQLParser.cpp">
      <Filter>原始程式檔</Filter>
    </ClCompile>
    <ClCompile Include="..\..\sqlparser-master\Project1\Project1\SQLParserResult.cpp">
      <Filter>原始程式檔</Filter>
    </ClCompile>
    <ClCompile Include="..\..\sqlparser-master\Project1\Project1\sql\destruct.cpp">
      <Filter>原始程式檔</Filter>
    </ClCompile>
    <ClCompile Include="..\..\sqlparser-master\Project1\Project1\sql\Expr.cpp">
      <Filter>原始程式檔</Filter>
    </ClCompile>
    <ClCompile Include="..\..\sqlparser-master\Project1\Project1\parser\bison_parser.cpp">
      <Filter>原始程式檔</Filter>
    </ClCompile>
    <ClCompile Include="..\..\sqlparser-master\Project1\Project1\parser\flex_lexer.cpp">
      <Filter>原始程式檔</Filter>
    </ClCompile>
    <ClCompile Include="QueryExecution.cpp">
      <Filter>原始程式檔</Filter>
    </ClCompile>
    <ClCompile Include="ChainHashIndex.cpp">
      <Filter>原始程式檔</Filter>
    </ClCompile>
    <ClCompile Include="database_util.cpp">
      <Filter>原始程式檔</Filter>
    </ClCompile>
    <ClCompile Include="test.cpp">
      <Filter>原始程式檔</Filter>
    </ClCompile>
    <ClCompile Include="IndexFile.cpp">
      <Filter>原始程式檔</Filter>
    </ClCompile>
    <ClCompile Include="HashIndexFile.cpp">
      <Filter>原始程式檔</Filter>
    </ClCompile>
    <ClCompile Include="Select.cpp">
      <Filter>原始程式檔</Filter>
    </ClCompile>
    <ClCompile Include="From.cpp">
      <Filter>原始程式檔</Filter>
    </ClCompile>
    <ClCompile Include="BooleanParser.cpp">
      <Filter>原始程式檔</Filter>
    </ClCompile>
    <ClCompile Include="SequenceFile.cpp">
      <Filter>原始程式檔</Filter>
    </ClCompile>
    <ClCompile Include="LightTableFile.cpp">
      <Filter>原始程式檔</Filter>
    </ClCompile>
    <ClCompile Include="database_type.cpp">
      <Filter>原始程式檔</Filter>
    </ClCompile>
    <ClCompile Include="LightTable.cpp">
      <Filter>原始程式檔</Filter>
    </ClCompile>
  </ItemGroup>
  <ItemGroup>
    <ClInclude Include="FileUtil.h">
      <Filter>標頭檔</Filter>
    </ClInclude>
    <ClInclude Include="DataPage.h">
      <Filter>標頭檔</Filter>
    </ClInclude>
    <ClInclude Include="RecordFile.h">
      <Filter>標頭檔</Filter>
    </ClInclude>
    <ClInclude Include="Record.h">
      <Filter>標頭檔</Filter>
    </ClInclude>
    <ClInclude Include="Bit.h">
      <Filter>標頭檔</Filter>
    </ClInclude>
    <ClInclude Include="BitmapPageFreeMapFile.h">
      <Filter>標頭檔</Filter>
    </ClInclude>
    <ClInclude Include="DiskFile.h">
      <Filter>標頭檔</Filter>
    </ClInclude>
    <ClInclude Include="RecordTable.h">
      <Filter>標頭檔</Filter>
    </ClInclude>
    <ClInclude Include="TableFile.h">
      <Filter>標頭檔</Filter>
    </ClInclude>
    <ClInclude Include="View.h">
      <Filter>標頭檔</Filter>
    </ClInclude>
    <ClInclude Include="Condition.h">
      <Filter>標頭檔</Filter>
    </ClInclude>
    <ClInclude Include="Database.h">
      <Filter>標頭檔</Filter>
    </ClInclude>
    <ClInclude Include="DatabaseFile.h">
      <Filter>標頭檔</Filter>
    </ClInclude>
    <ClInclude Include="system.h">
      <Filter>標頭檔</Filter>
    </ClInclude>
    <ClInclude Include="..\Project1\Project1\sql\Table.h">
      <Filter>標頭檔</Filter>
    </ClInclude>
    <ClInclude Include="..\..\sqlparser-master\Project1\Project1\SQLParser.h">
      <Filter>標頭檔</Filter>
    </ClInclude>
    <ClInclude Include="..\..\sqlparser-master\Project1\Project1\SQLParserResult.h">
      <Filter>標頭檔</Filter>
    </ClInclude>
    <ClInclude Include="..\..\sqlparser-master\Project1\Project1\sql\CreateStatement.h">
      <Filter>標頭檔</Filter>
    </ClInclude>
    <ClInclude Include="..\..\sqlparser-master\Project1\Project1\sql\Expr.h">
      <Filter>標頭檔</Filter>
    </ClInclude>
    <ClInclude Include="..\..\sqlparser-master\Project1\Project1\sql\InsertStatement.h">
      <Filter>標頭檔</Filter>
    </ClInclude>
    <ClInclude Include="..\..\sqlparser-master\Project1\Project1\sql\PrepareStatement.h">
      <Filter>標頭檔</Filter>
    </ClInclude>
    <ClInclude Include="..\..\sqlparser-master\Project1\Project1\sql\SelectStatement.h">
      <Filter>標頭檔</Filter>
    </ClInclude>
    <ClInclude Include="..\..\sqlparser-master\Project1\Project1\sql\SQLStatement.h">
      <Filter>標頭檔</Filter>
    </ClInclude>
    <ClInclude Include="..\..\sqlparser-master\Project1\Project1\sql\statements.h">
      <Filter>標頭檔</Filter>
    </ClInclude>
    <ClInclude Include="..\..\sqlparser-master\Project1\Project1\sql\Table.h">
      <Filter>標頭檔</Filter>
    </ClInclude>
    <ClInclude Include="..\..\sqlparser-master\Project1\Project1\parser\bison_parser.h">
      <Filter>標頭檔</Filter>
    </ClInclude>
    <ClInclude Include="..\..\sqlparser-master\Project1\Project1\parser\flex_lexer.h">
      <Filter>標頭檔</Filter>
    </ClInclude>
    <ClInclude Include="..\..\sqlparser-master\Project1\Project1\parser\parser_typedef.h">
      <Filter>標頭檔</Filter>
    </ClInclude>
    <ClInclude Include="QueryExecution.h">
      <Filter>標頭檔</Filter>
    </ClInclude>
    <ClInclude Include="ChainHashIndex.h">
      <Filter>標頭檔</Filter>
    </ClInclude>
    <ClInclude Include="BinaryObject.h">
      <Filter>標頭檔</Filter>
    </ClInclude>
    <ClInclude Include="database_util.h">
      <Filter>標頭檔</Filter>
    </ClInclude>
    <ClInclude Include="test.h">
      <Filter>標頭檔</Filter>
    </ClInclude>
    <ClInclude Include="IndexFile.h">
      <Filter>標頭檔</Filter>
    </ClInclude>
    <ClInclude Include="database_type.h">
      <Filter>標頭檔</Filter>
    </ClInclude>
    <ClInclude Include="Execution.h">
      <Filter>標頭檔</Filter>
    </ClInclude>
    <ClInclude Include="SQLExprParser.h">
      <Filter>標頭檔</Filter>
    </ClInclude>
    <ClInclude Include="SequenceFile.h">
      <Filter>標頭檔</Filter>
    </ClInclude>
    <ClInclude Include="LightTableFile.h">
      <Filter>標頭檔</Filter>
    </ClInclude>
    <ClInclude Include="LightTable.h">
      <Filter>標頭檔</Filter>
    </ClInclude>
    <ClInclude Include="database_table_type.h">
      <Filter>原始程式檔</Filter>
    </ClInclude>
  </ItemGroup>
</Project>